
Microsoft Visual Studio Solution File, Format Version 12.00
# Visual Studio Version 17
VisualStudioVersion = 17.13.35828.75 d17.13
MinimumVisualStudioVersion = 10.0.40219.1
Project("{FAE04EC0-301F-11D3-BF4B-00C04F79EFBC}") = "LiveTracker.API", "LiveTracker.API\LiveTracker.API.csproj", "{A1D9EAA2-1A01-4072-A3B6-B342681245FD}"
EndProject
Global
	GlobalSection(SolutionConfigurationPlatforms) = preSolution
		Debug|Any CPU = Debug|Any CPU
		Release|Any CPU = Release|Any CPU
	EndGlobalSection
	GlobalSection(ProjectConfigurationPlatforms) = postSolution
		{A1D9EAA2-1A01-4072-A3B6-B342681245FD}.Debug|Any CPU.ActiveCfg = Debug|Any CPU
		{A1D9EAA2-1A01-4072-A3B6-B342681245FD}.Debug|Any CPU.Build.0 = Debug|Any CPU
		{A1D9EAA2-1A01-4072-A3B6-B342681245FD}.Release|Any CPU.ActiveCfg = Release|Any CPU
		{A1D9EAA2-1A01-4072-A3B6-B342681245FD}.Release|Any CPU.Build.0 = Release|Any CPU
	EndGlobalSection
	GlobalSection(SolutionProperties) = preSolution
		HideSolutionNode = FALSE
	EndGlobalSection
	GlobalSection(ExtensibilityGlobals) = postSolution
		SolutionGuid = {DD25CE43-1BF0-4358-911C-749F256EBC94}
	EndGlobalSection
EndGlobal
